// !$*UTF8*$!
{
	archiveVersion = 1;
	classes = {
	};
	objectVersion = 54;
	objects = {

/* Begin PBXBuildFile section */
		04A56C48A79E40B79DEE38AB /* Inter_24pt-Black.ttf in Resources */ = {isa = PBXBuildFile; fileRef = 18B174B29D9B4376BFD0F2CA /* Inter_24pt-Black.ttf */; };
		0C5CD3DAF35D46938287EDE6 /* Inter_24pt-BoldItalic.ttf in Resources */ = {isa = PBXBuildFile; fileRef = ADAD61F86D4B4F49B2F7C3A9 /* Inter_24pt-BoldItalic.ttf */; };
		0C80B921A6F3F58F76C31292 /* libPods-piper.a in Frameworks */ = {isa = PBXBuildFile; fileRef = 5DCACB8F33CDC322A6C60F78 /* libPods-piper.a */; };
		10ED6578C90B45B58315C3DA /* Inter_18pt-MediumItalic.ttf in Resources */ = {isa = PBXBuildFile; fileRef = 8AA285B482874D04B7BDA256 /* Inter_18pt-MediumItalic.ttf */; };
		1244CC02E48A40CE9861F7BE /* Inter_28pt-Medium.ttf in Resources */ = {isa = PBXBuildFile; fileRef = FA085C7FE376483AABBF6A3C /* Inter_28pt-Medium.ttf */; };
		12B48962E4E74A5088C78F12 /* Inter_28pt-BoldItalic.ttf in Resources */ = {isa = PBXBuildFile; fileRef = 3BD626D26683470E9BE33768 /* Inter_28pt-BoldItalic.ttf */; };
		13B07FBF1A68108700A75B9A /* Images.xcassets in Resources */ = {isa = PBXBuildFile; fileRef = 13B07FB51A68108700A75B9A /* Images.xcassets */; };
		1C3DF7D9C3DB4FB89CBE5876 /* Inter_24pt-ThinItalic.ttf in Resources */ = {isa = PBXBuildFile; fileRef = 82211583CA914DAE96E92FCF /* Inter_24pt-ThinItalic.ttf */; };
		1DA8DA36DEA344CFAA4BEBB8 /* Inter_18pt-Bold.ttf in Resources */ = {isa = PBXBuildFile; fileRef = E021786A77BA4C26BA33BAB4 /* Inter_18pt-Bold.ttf */; };
		25D958AB327343FC86922081 /* Inter_28pt-ExtraBoldItalic.ttf in Resources */ = {isa = PBXBuildFile; fileRef = 9F678770447444C7B95649E6 /* Inter_28pt-ExtraBoldItalic.ttf */; };
		2848514F11B446D3B7776845 /* Inter_24pt-ExtraLight.ttf in Resources */ = {isa = PBXBuildFile; fileRef = BCCF31BF204B4343ADCC1C48 /* Inter_24pt-ExtraLight.ttf */; };
		291346E3789D4F5C919AF107 /* Inter_24pt-MediumItalic.ttf in Resources */ = {isa = PBXBuildFile; fileRef = D7D11F2A1AD047399CE81A9C /* Inter_24pt-MediumItalic.ttf */; };
		2C0EF2C99C914F61BECAAD56 /* Inter_24pt-Thin.ttf in Resources */ = {isa = PBXBuildFile; fileRef = 6E2BB8C4C4CA4B81B2BB2F8F /* Inter_24pt-Thin.ttf */; };
		2D6F042380F446B78C6A758E /* Inter_18pt-Thin.ttf in Resources */ = {isa = PBXBuildFile; fileRef = 56FC3F9EBC9646DFB13E9A3D /* Inter_18pt-Thin.ttf */; };
		33F119B082B541A4BD765352 /* Inter_28pt-ThinItalic.ttf in Resources */ = {isa = PBXBuildFile; fileRef = B3F0D88AA5EE42879DAC78C8 /* Inter_28pt-ThinItalic.ttf */; };
		36E7DB239CD0491AAB4B091A /* Inter_18pt-Medium.ttf in Resources */ = {isa = PBXBuildFile; fileRef = A3091B8D395E4E6093F40E87 /* Inter_18pt-Medium.ttf */; };
		394E276FF51F41A5A35EAE1D /* Inter_18pt-ExtraBoldItalic.ttf in Resources */ = {isa = PBXBuildFile; fileRef = AC1FF3D47F21466783B1EEBE /* Inter_18pt-ExtraBoldItalic.ttf */; };
		3A7CA34A3377467581EC0384 /* Inter_18pt-ExtraBold.ttf in Resources */ = {isa = PBXBuildFile; fileRef = F33F11A61E81446EBF8E45C3 /* Inter_18pt-ExtraBold.ttf */; };
		3B9D8657F2B443F1AE6E9EE6 /* Inter_18pt-ExtraLightItalic.ttf in Resources */ = {isa = PBXBuildFile; fileRef = C2AECB66A2D24D3CABB82FDD /* Inter_18pt-ExtraLightItalic.ttf */; };
		3C951B1DBD5D4025A84884E3 /* Inter_28pt-ExtraLightItalic.ttf in Resources */ = {isa = PBXBuildFile; fileRef = 815ADE91DD4C4596A7D7B07F /* Inter_28pt-ExtraLightItalic.ttf */; };
		3F06A242092B4C9C985EA64D /* Inter_18pt-ExtraLight.ttf in Resources */ = {isa = PBXBuildFile; fileRef = 93143667154C48FD9D2E3409 /* Inter_18pt-ExtraLight.ttf */; };
		4175A00DA9E5433983C09927 /* Inter_18pt-Regular.ttf in Resources */ = {isa = PBXBuildFile; fileRef = 044BC8252E334DC69F3C5CCC /* Inter_18pt-Regular.ttf */; };
		45754CDCD73C47C487431AE1 /* Inter_24pt-Italic.ttf in Resources */ = {isa = PBXBuildFile; fileRef = 7B31CF941B1A4C48ABD9D09E /* Inter_24pt-Italic.ttf */; };
		4A4D68624299448E89A62321 /* Inter_24pt-LightItalic.ttf in Resources */ = {isa = PBXBuildFile; fileRef = 1264F0808B35424599C22001 /* Inter_24pt-LightItalic.ttf */; };
		563600A6C172480C94324C4C /* Inter_24pt-SemiBold.ttf in Resources */ = {isa = PBXBuildFile; fileRef = CF61C867E0D34498941D986A /* Inter_24pt-SemiBold.ttf */; };
		5E7DDA11AB72422CAE6431E4 /* Inter_28pt-BlackItalic.ttf in Resources */ = {isa = PBXBuildFile; fileRef = 6786274D432C4A6090AE55D1 /* Inter_28pt-BlackItalic.ttf */; };
		5EF93A82DECB4C1ABD03BCD0 /* Inter_24pt-SemiBoldItalic.ttf in Resources */ = {isa = PBXBuildFile; fileRef = DE682B9E11E14974BC68D5AC /* Inter_24pt-SemiBoldItalic.ttf */; };
		63DDFC53F4468E2F252E29E0 /* PrivacyInfo.xcprivacy in Resources */ = {isa = PBXBuildFile; fileRef = 13B07FB81A68108700A75B9A /* PrivacyInfo.xcprivacy */; };
		69002309E90F458685DACCAE /* Inter_28pt-Bold.ttf in Resources */ = {isa = PBXBuildFile; fileRef = 37EE7773DF2B42F99C67C05C /* Inter_28pt-Bold.ttf */; };
		70580A9C5D5B4028876363CD /* Inter_28pt-Thin.ttf in Resources */ = {isa = PBXBuildFile; fileRef = 7B494C0FF299462EA27AB56B /* Inter_28pt-Thin.ttf */; };
		761780ED2CA45674006654EE /* AppDelegate.swift in Sources */ = {isa = PBXBuildFile; fileRef = 761780EC2CA45674006654EE /* AppDelegate.swift */; };
		77A5C1E984DE4EA08B639E20 /* Inter_18pt-ThinItalic.ttf in Resources */ = {isa = PBXBuildFile; fileRef = F79C7AE82A654E3F8BBB117B /* Inter_18pt-ThinItalic.ttf */; };
		77B2A5A9EC5E43219F1A2860 /* Inter_28pt-ExtraBold.ttf in Resources */ = {isa = PBXBuildFile; fileRef = 5BC3C87DF3D84E309C40E3CA /* Inter_28pt-ExtraBold.ttf */; };
		780EB2228D984FCCAD527CFB /* Inter_28pt-MediumItalic.ttf in Resources */ = {isa = PBXBuildFile; fileRef = C1CF5676FF534F3DB6363F18 /* Inter_28pt-MediumItalic.ttf */; };
		7A6EF22674A9474E99FB2CAA /* Inter_24pt-BlackItalic.ttf in Resources */ = {isa = PBXBuildFile; fileRef = E465D982BA6D448099148B7E /* Inter_24pt-BlackItalic.ttf */; };
		8182FFB2EE684DA8BDF50D2F /* Inter_28pt-Regular.ttf in Resources */ = {isa = PBXBuildFile; fileRef = EF45B8537DA74390A1391D35 /* Inter_28pt-Regular.ttf */; };
		81AB9BB82411601600AC10FF /* LaunchScreen.storyboard in Resources */ = {isa = PBXBuildFile; fileRef = 81AB9BB72411601600AC10FF /* LaunchScreen.storyboard */; };
		8841DF89DE0B4EACB7AAF6B2 /* Inter_18pt-SemiBold.ttf in Resources */ = {isa = PBXBuildFile; fileRef = E5D0D21755C74860A3A3DD1B /* Inter_18pt-SemiBold.ttf */; };
		8C71DF9975BA4F8AA5702669 /* Inter_28pt-SemiBoldItalic.ttf in Resources */ = {isa = PBXBuildFile; fileRef = 24DD4459F60D4BADB1A23B8D /* Inter_28pt-SemiBoldItalic.ttf */; };
		8E006BA872AF4CA89193A5AE /* Inter_24pt-Bold.ttf in Resources */ = {isa = PBXBuildFile; fileRef = 224A0BD60D9346728AA7903B /* Inter_24pt-Bold.ttf */; };
		8E390F74F60F4981844A9456 /* Inter_28pt-Black.ttf in Resources */ = {isa = PBXBuildFile; fileRef = 2D9980B120E44B728112A7F1 /* Inter_28pt-Black.ttf */; };
		931A305BB9AB43F5A466E4F5 /* Inter_18pt-Light.ttf in Resources */ = {isa = PBXBuildFile; fileRef = A4837364B38C475C8CBC4CA0 /* Inter_18pt-Light.ttf */; };
		98409FB5D6DE4E2DAC61E555 /* Inter_28pt-Italic.ttf in Resources */ = {isa = PBXBuildFile; fileRef = 8A3BF22F2D524A9FBCA148B7 /* Inter_28pt-Italic.ttf */; };
		9E011BE685DB4BC0B09FCF7F /* Inter_18pt-Black.ttf in Resources */ = {isa = PBXBuildFile; fileRef = 793E9DCC058D4A38BFFC82F7 /* Inter_18pt-Black.ttf */; };
		A4B02A23AA344C30A0306F1B /* Inter_18pt-SemiBoldItalic.ttf in Resources */ = {isa = PBXBuildFile; fileRef = 96B4EA7EA55A456C8581058F /* Inter_18pt-SemiBoldItalic.ttf */; };
		A933AE8C4A464BACA0164AFA /* Inter_24pt-Regular.ttf in Resources */ = {isa = PBXBuildFile; fileRef = 6A0907354C17418A86519450 /* Inter_24pt-Regular.ttf */; };
		B08284E5518E42B6A6B27F3D /* Inter_18pt-BlackItalic.ttf in Resources */ = {isa = PBXBuildFile; fileRef = E57352F0E6A847ACA4AC3417 /* Inter_18pt-BlackItalic.ttf */; };
		B0ECC770DCB248CFA0815E1E /* Inter_24pt-ExtraLightItalic.ttf in Resources */ = {isa = PBXBuildFile; fileRef = 4D99B60F814C4840A7053381 /* Inter_24pt-ExtraLightItalic.ttf */; };
		B3A43521CDAE4331BEF478D9 /* Inter_18pt-BoldItalic.ttf in Resources */ = {isa = PBXBuildFile; fileRef = 241F627F34AB4A8D8437CE77 /* Inter_18pt-BoldItalic.ttf */; };
		B8BAADC153614B5D8615118E /* Inter_28pt-ExtraLight.ttf in Resources */ = {isa = PBXBuildFile; fileRef = 4C64CEEC66644FDFB4132DA3 /* Inter_28pt-ExtraLight.ttf */; };
		BEA413C3BE6F4941B3F43DD2 /* Inter_24pt-Medium.ttf in Resources */ = {isa = PBXBuildFile; fileRef = 874C119B461244C281E2803A /* Inter_24pt-Medium.ttf */; };
		C14037BC203F4D79AE247928 /* Inter_28pt-Light.ttf in Resources */ = {isa = PBXBuildFile; fileRef = EBBF53FF4CC44A39AC931A08 /* Inter_28pt-Light.ttf */; };
		C23F2C3117874405AC32645D /* Inter_18pt-LightItalic.ttf in Resources */ = {isa = PBXBuildFile; fileRef = 37CE4C82A587469384CAED39 /* Inter_18pt-LightItalic.ttf */; };
		CB1A5AD767714D7690A14D39 /* Inter_24pt-ExtraBold.ttf in Resources */ = {isa = PBXBuildFile; fileRef = 8478BD24E8E74601B4339BAE /* Inter_24pt-ExtraBold.ttf */; };
		CFADEA22DB494699B4F9EC68 /* Inter_28pt-SemiBold.ttf in Resources */ = {isa = PBXBuildFile; fileRef = 613630D893D7461A9815D239 /* Inter_28pt-SemiBold.ttf */; };
		D18FDD123ABD4B7F94F5D0B1 /* Inter_24pt-Light.ttf in Resources */ = {isa = PBXBuildFile; fileRef = 21DFADB0492E411886BD0C67 /* Inter_24pt-Light.ttf */; };
		E24A624D855541389472619D /* Inter_18pt-Italic.ttf in Resources */ = {isa = PBXBuildFile; fileRef = 1255F4E002764976AAD0A116 /* Inter_18pt-Italic.ttf */; };
		F5A2ACF5C952457BB919ED62 /* Inter_28pt-LightItalic.ttf in Resources */ = {isa = PBXBuildFile; fileRef = D5E591CDAAEA400EBC084BE8 /* Inter_28pt-LightItalic.ttf */; };
		FE83AF846DCB4D49B8BB3BE9 /* Inter_24pt-ExtraBoldItalic.ttf in Resources */ = {isa = PBXBuildFile; fileRef = DBE7CA49FF4D47ED91BB6012 /* Inter_24pt-ExtraBoldItalic.ttf */; };
/* End PBXBuildFile section */

/* Begin PBXFileReference section */
		044BC8252E334DC69F3C5CCC /* Inter_18pt-Regular.ttf */ = {isa = PBXFileReference; explicitFileType = undefined; fileEncoding = undefined; includeInIndex = 0; lastKnownFileType = unknown; name = "Inter_18pt-Regular.ttf"; path = "../assets/fonts/Inter_18pt-Regular.ttf"; sourceTree = "<group>"; };
		1255F4E002764976AAD0A116 /* Inter_18pt-Italic.ttf */ = {isa = PBXFileReference; explicitFileType = undefined; fileEncoding = undefined; includeInIndex = 0; lastKnownFileType = unknown; name = "Inter_18pt-Italic.ttf"; path = "../assets/fonts/Inter_18pt-Italic.ttf"; sourceTree = "<group>"; };
		1264F0808B35424599C22001 /* Inter_24pt-LightItalic.ttf */ = {isa = PBXFileReference; explicitFileType = undefined; fileEncoding = undefined; includeInIndex = 0; lastKnownFileType = unknown; name = "Inter_24pt-LightItalic.ttf"; path = "../assets/fonts/Inter_24pt-LightItalic.ttf"; sourceTree = "<group>"; };
		13B07F961A680F5B00A75B9A /* piper.app */ = {isa = PBXFileReference; explicitFileType = wrapper.application; includeInIndex = 0; path = piper.app; sourceTree = BUILT_PRODUCTS_DIR; };
		13B07FB51A68108700A75B9A /* Images.xcassets */ = {isa = PBXFileReference; lastKnownFileType = folder.assetcatalog; name = Images.xcassets; path = piper/Images.xcassets; sourceTree = "<group>"; };
		13B07FB61A68108700A75B9A /* Info.plist */ = {isa = PBXFileReference; fileEncoding = 4; lastKnownFileType = text.plist.xml; name = Info.plist; path = piper/Info.plist; sourceTree = "<group>"; };
		13B07FB81A68108700A75B9A /* PrivacyInfo.xcprivacy */ = {isa = PBXFileReference; fileEncoding = 4; lastKnownFileType = text.plist.xml; name = PrivacyInfo.xcprivacy; path = piper/PrivacyInfo.xcprivacy; sourceTree = "<group>"; };
		18B174B29D9B4376BFD0F2CA /* Inter_24pt-Black.ttf */ = {isa = PBXFileReference; explicitFileType = undefined; fileEncoding = undefined; includeInIndex = 0; lastKnownFileType = unknown; name = "Inter_24pt-Black.ttf"; path = "../assets/fonts/Inter_24pt-Black.ttf"; sourceTree = "<group>"; };
		21DFADB0492E411886BD0C67 /* Inter_24pt-Light.ttf */ = {isa = PBXFileReference; explicitFileType = undefined; fileEncoding = undefined; includeInIndex = 0; lastKnownFileType = unknown; name = "Inter_24pt-Light.ttf"; path = "../assets/fonts/Inter_24pt-Light.ttf"; sourceTree = "<group>"; };
		224A0BD60D9346728AA7903B /* Inter_24pt-Bold.ttf */ = {isa = PBXFileReference; explicitFileType = undefined; fileEncoding = undefined; includeInIndex = 0; lastKnownFileType = unknown; name = "Inter_24pt-Bold.ttf"; path = "../assets/fonts/Inter_24pt-Bold.ttf"; sourceTree = "<group>"; };
		241F627F34AB4A8D8437CE77 /* Inter_18pt-BoldItalic.ttf */ = {isa = PBXFileReference; explicitFileType = undefined; fileEncoding = undefined; includeInIndex = 0; lastKnownFileType = unknown; name = "Inter_18pt-BoldItalic.ttf"; path = "../assets/fonts/Inter_18pt-BoldItalic.ttf"; sourceTree = "<group>"; };
		24DD4459F60D4BADB1A23B8D /* Inter_28pt-SemiBoldItalic.ttf */ = {isa = PBXFileReference; explicitFileType = undefined; fileEncoding = undefined; includeInIndex = 0; lastKnownFileType = unknown; name = "Inter_28pt-SemiBoldItalic.ttf"; path = "../assets/fonts/Inter_28pt-SemiBoldItalic.ttf"; sourceTree = "<group>"; };
		2D9980B120E44B728112A7F1 /* Inter_28pt-Black.ttf */ = {isa = PBXFileReference; explicitFileType = undefined; fileEncoding = undefined; includeInIndex = 0; lastKnownFileType = unknown; name = "Inter_28pt-Black.ttf"; path = "../assets/fonts/Inter_28pt-Black.ttf"; sourceTree = "<group>"; };
		37CE4C82A587469384CAED39 /* Inter_18pt-LightItalic.ttf */ = {isa = PBXFileReference; explicitFileType = undefined; fileEncoding = undefined; includeInIndex = 0; lastKnownFileType = unknown; name = "Inter_18pt-LightItalic.ttf"; path = "../assets/fonts/Inter_18pt-LightItalic.ttf"; sourceTree = "<group>"; };
		37EE7773DF2B42F99C67C05C /* Inter_28pt-Bold.ttf */ = {isa = PBXFileReference; explicitFileType = undefined; fileEncoding = undefined; includeInIndex = 0; lastKnownFileType = unknown; name = "Inter_28pt-Bold.ttf"; path = "../assets/fonts/Inter_28pt-Bold.ttf"; sourceTree = "<group>"; };
		3B4392A12AC88292D35C810B /* Pods-piper.debug.xcconfig */ = {isa = PBXFileReference; includeInIndex = 1; lastKnownFileType = text.xcconfig; name = "Pods-piper.debug.xcconfig"; path = "Target Support Files/Pods-piper/Pods-piper.debug.xcconfig"; sourceTree = "<group>"; };
		3BD626D26683470E9BE33768 /* Inter_28pt-BoldItalic.ttf */ = {isa = PBXFileReference; explicitFileType = undefined; fileEncoding = undefined; includeInIndex = 0; lastKnownFileType = unknown; name = "Inter_28pt-BoldItalic.ttf"; path = "../assets/fonts/Inter_28pt-BoldItalic.ttf"; sourceTree = "<group>"; };
		4C64CEEC66644FDFB4132DA3 /* Inter_28pt-ExtraLight.ttf */ = {isa = PBXFileReference; explicitFileType = undefined; fileEncoding = undefined; includeInIndex = 0; lastKnownFileType = unknown; name = "Inter_28pt-ExtraLight.ttf"; path = "../assets/fonts/Inter_28pt-ExtraLight.ttf"; sourceTree = "<group>"; };
		4D99B60F814C4840A7053381 /* Inter_24pt-ExtraLightItalic.ttf */ = {isa = PBXFileReference; explicitFileType = undefined; fileEncoding = undefined; includeInIndex = 0; lastKnownFileType = unknown; name = "Inter_24pt-ExtraLightItalic.ttf"; path = "../assets/fonts/Inter_24pt-ExtraLightItalic.ttf"; sourceTree = "<group>"; };
		56FC3F9EBC9646DFB13E9A3D /* Inter_18pt-Thin.ttf */ = {isa = PBXFileReference; explicitFileType = undefined; fileEncoding = undefined; includeInIndex = 0; lastKnownFileType = unknown; name = "Inter_18pt-Thin.ttf"; path = "../assets/fonts/Inter_18pt-Thin.ttf"; sourceTree = "<group>"; };
		5709B34CF0A7D63546082F79 /* Pods-piper.release.xcconfig */ = {isa = PBXFileReference; includeInIndex = 1; lastKnownFileType = text.xcconfig; name = "Pods-piper.release.xcconfig"; path = "Target Support Files/Pods-piper/Pods-piper.release.xcconfig"; sourceTree = "<group>"; };
		5BC3C87DF3D84E309C40E3CA /* Inter_28pt-ExtraBold.ttf */ = {isa = PBXFileReference; explicitFileType = undefined; fileEncoding = undefined; includeInIndex = 0; lastKnownFileType = unknown; name = "Inter_28pt-ExtraBold.ttf"; path = "../assets/fonts/Inter_28pt-ExtraBold.ttf"; sourceTree = "<group>"; };
		5DCACB8F33CDC322A6C60F78 /* libPods-piper.a */ = {isa = PBXFileReference; explicitFileType = archive.ar; includeInIndex = 0; path = "libPods-piper.a"; sourceTree = BUILT_PRODUCTS_DIR; };
		613630D893D7461A9815D239 /* Inter_28pt-SemiBold.ttf */ = {isa = PBXFileReference; explicitFileType = undefined; fileEncoding = undefined; includeInIndex = 0; lastKnownFileType = unknown; name = "Inter_28pt-SemiBold.ttf"; path = "../assets/fonts/Inter_28pt-SemiBold.ttf"; sourceTree = "<group>"; };
		6786274D432C4A6090AE55D1 /* Inter_28pt-BlackItalic.ttf */ = {isa = PBXFileReference; explicitFileType = undefined; fileEncoding = undefined; includeInIndex = 0; lastKnownFileType = unknown; name = "Inter_28pt-BlackItalic.ttf"; path = "../assets/fonts/Inter_28pt-BlackItalic.ttf"; sourceTree = "<group>"; };
		6A0907354C17418A86519450 /* Inter_24pt-Regular.ttf */ = {isa = PBXFileReference; explicitFileType = undefined; fileEncoding = undefined; includeInIndex = 0; lastKnownFileType = unknown; name = "Inter_24pt-Regular.ttf"; path = "../assets/fonts/Inter_24pt-Regular.ttf"; sourceTree = "<group>"; };
		6E2BB8C4C4CA4B81B2BB2F8F /* Inter_24pt-Thin.ttf */ = {isa = PBXFileReference; explicitFileType = undefined; fileEncoding = undefined; includeInIndex = 0; lastKnownFileType = unknown; name = "Inter_24pt-Thin.ttf"; path = "../assets/fonts/Inter_24pt-Thin.ttf"; sourceTree = "<group>"; };
		761780EC2CA45674006654EE /* AppDelegate.swift */ = {isa = PBXFileReference; lastKnownFileType = sourcecode.swift; name = AppDelegate.swift; path = piper/AppDelegate.swift; sourceTree = "<group>"; };
		793E9DCC058D4A38BFFC82F7 /* Inter_18pt-Black.ttf */ = {isa = PBXFileReference; explicitFileType = undefined; fileEncoding = undefined; includeInIndex = 0; lastKnownFileType = unknown; name = "Inter_18pt-Black.ttf"; path = "../assets/fonts/Inter_18pt-Black.ttf"; sourceTree = "<group>"; };
		7B31CF941B1A4C48ABD9D09E /* Inter_24pt-Italic.ttf */ = {isa = PBXFileReference; explicitFileType = undefined; fileEncoding = undefined; includeInIndex = 0; lastKnownFileType = unknown; name = "Inter_24pt-Italic.ttf"; path = "../assets/fonts/Inter_24pt-Italic.ttf"; sourceTree = "<group>"; };
		7B494C0FF299462EA27AB56B /* Inter_28pt-Thin.ttf */ = {isa = PBXFileReference; explicitFileType = undefined; fileEncoding = undefined; includeInIndex = 0; lastKnownFileType = unknown; name = "Inter_28pt-Thin.ttf"; path = "../assets/fonts/Inter_28pt-Thin.ttf"; sourceTree = "<group>"; };
		815ADE91DD4C4596A7D7B07F /* Inter_28pt-ExtraLightItalic.ttf */ = {isa = PBXFileReference; explicitFileType = undefined; fileEncoding = undefined; includeInIndex = 0; lastKnownFileType = unknown; name = "Inter_28pt-ExtraLightItalic.ttf"; path = "../assets/fonts/Inter_28pt-ExtraLightItalic.ttf"; sourceTree = "<group>"; };
		81AB9BB72411601600AC10FF /* LaunchScreen.storyboard */ = {isa = PBXFileReference; fileEncoding = 4; lastKnownFileType = file.storyboard; name = LaunchScreen.storyboard; path = piper/LaunchScreen.storyboard; sourceTree = "<group>"; };
		82211583CA914DAE96E92FCF /* Inter_24pt-ThinItalic.ttf */ = {isa = PBXFileReference; explicitFileType = undefined; fileEncoding = undefined; includeInIndex = 0; lastKnownFileType = unknown; name = "Inter_24pt-ThinItalic.ttf"; path = "../assets/fonts/Inter_24pt-ThinItalic.ttf"; sourceTree = "<group>"; };
		8478BD24E8E74601B4339BAE /* Inter_24pt-ExtraBold.ttf */ = {isa = PBXFileReference; explicitFileType = undefined; fileEncoding = undefined; includeInIndex = 0; lastKnownFileType = unknown; name = "Inter_24pt-ExtraBold.ttf"; path = "../assets/fonts/Inter_24pt-ExtraBold.ttf"; sourceTree = "<group>"; };
		874C119B461244C281E2803A /* Inter_24pt-Medium.ttf */ = {isa = PBXFileReference; explicitFileType = undefined; fileEncoding = undefined; includeInIndex = 0; lastKnownFileType = unknown; name = "Inter_24pt-Medium.ttf"; path = "../assets/fonts/Inter_24pt-Medium.ttf"; sourceTree = "<group>"; };
		8A3BF22F2D524A9FBCA148B7 /* Inter_28pt-Italic.ttf */ = {isa = PBXFileReference; explicitFileType = undefined; fileEncoding = undefined; includeInIndex = 0; lastKnownFileType = unknown; name = "Inter_28pt-Italic.ttf"; path = "../assets/fonts/Inter_28pt-Italic.ttf"; sourceTree = "<group>"; };
		8AA285B482874D04B7BDA256 /* Inter_18pt-MediumItalic.ttf */ = {isa = PBXFileReference; explicitFileType = undefined; fileEncoding = undefined; includeInIndex = 0; lastKnownFileType = unknown; name = "Inter_18pt-MediumItalic.ttf"; path = "../assets/fonts/Inter_18pt-MediumItalic.ttf"; sourceTree = "<group>"; };
		93143667154C48FD9D2E3409 /* Inter_18pt-ExtraLight.ttf */ = {isa = PBXFileReference; explicitFileType = undefined; fileEncoding = undefined; includeInIndex = 0; lastKnownFileType = unknown; name = "Inter_18pt-ExtraLight.ttf"; path = "../assets/fonts/Inter_18pt-ExtraLight.ttf"; sourceTree = "<group>"; };
		96B4EA7EA55A456C8581058F /* Inter_18pt-SemiBoldItalic.ttf */ = {isa = PBXFileReference; explicitFileType = undefined; fileEncoding = undefined; includeInIndex = 0; lastKnownFileType = unknown; name = "Inter_18pt-SemiBoldItalic.ttf"; path = "../assets/fonts/Inter_18pt-SemiBoldItalic.ttf"; sourceTree = "<group>"; };
		9F678770447444C7B95649E6 /* Inter_28pt-ExtraBoldItalic.ttf */ = {isa = PBXFileReference; explicitFileType = undefined; fileEncoding = undefined; includeInIndex = 0; lastKnownFileType = unknown; name = "Inter_28pt-ExtraBoldItalic.ttf"; path = "../assets/fonts/Inter_28pt-ExtraBoldItalic.ttf"; sourceTree = "<group>"; };
		A3091B8D395E4E6093F40E87 /* Inter_18pt-Medium.ttf */ = {isa = PBXFileReference; explicitFileType = undefined; fileEncoding = undefined; includeInIndex = 0; lastKnownFileType = unknown; name = "Inter_18pt-Medium.ttf"; path = "../assets/fonts/Inter_18pt-Medium.ttf"; sourceTree = "<group>"; };
		A4837364B38C475C8CBC4CA0 /* Inter_18pt-Light.ttf */ = {isa = PBXFileReference; explicitFileType = undefined; fileEncoding = undefined; includeInIndex = 0; lastKnownFileType = unknown; name = "Inter_18pt-Light.ttf"; path = "../assets/fonts/Inter_18pt-Light.ttf"; sourceTree = "<group>"; };
		AC1FF3D47F21466783B1EEBE /* Inter_18pt-ExtraBoldItalic.ttf */ = {isa = PBXFileReference; explicitFileType = undefined; fileEncoding = undefined; includeInIndex = 0; lastKnownFileType = unknown; name = "Inter_18pt-ExtraBoldItalic.ttf"; path = "../assets/fonts/Inter_18pt-ExtraBoldItalic.ttf"; sourceTree = "<group>"; };
		ADAD61F86D4B4F49B2F7C3A9 /* Inter_24pt-BoldItalic.ttf */ = {isa = PBXFileReference; explicitFileType = undefined; fileEncoding = undefined; includeInIndex = 0; lastKnownFileType = unknown; name = "Inter_24pt-BoldItalic.ttf"; path = "../assets/fonts/Inter_24pt-BoldItalic.ttf"; sourceTree = "<group>"; };
		B3F0D88AA5EE42879DAC78C8 /* Inter_28pt-ThinItalic.ttf */ = {isa = PBXFileReference; explicitFileType = undefined; fileEncoding = undefined; includeInIndex = 0; lastKnownFileType = unknown; name = "Inter_28pt-ThinItalic.ttf"; path = "../assets/fonts/Inter_28pt-ThinItalic.ttf"; sourceTree = "<group>"; };
		BCCF31BF204B4343ADCC1C48 /* Inter_24pt-ExtraLight.ttf */ = {isa = PBXFileReference; explicitFileType = undefined; fileEncoding = undefined; includeInIndex = 0; lastKnownFileType = unknown; name = "Inter_24pt-ExtraLight.ttf"; path = "../assets/fonts/Inter_24pt-ExtraLight.ttf"; sourceTree = "<group>"; };
		C1CF5676FF534F3DB6363F18 /* Inter_28pt-MediumItalic.ttf */ = {isa = PBXFileReference; explicitFileType = undefined; fileEncoding = undefined; includeInIndex = 0; lastKnownFileType = unknown; name = "Inter_28pt-MediumItalic.ttf"; path = "../assets/fonts/Inter_28pt-MediumItalic.ttf"; sourceTree = "<group>"; };
		C2AECB66A2D24D3CABB82FDD /* Inter_18pt-ExtraLightItalic.ttf */ = {isa = PBXFileReference; explicitFileType = undefined; fileEncoding = undefined; includeInIndex = 0; lastKnownFileType = unknown; name = "Inter_18pt-ExtraLightItalic.ttf"; path = "../assets/fonts/Inter_18pt-ExtraLightItalic.ttf"; sourceTree = "<group>"; };
		CF61C867E0D34498941D986A /* Inter_24pt-SemiBold.ttf */ = {isa = PBXFileReference; explicitFileType = undefined; fileEncoding = undefined; includeInIndex = 0; lastKnownFileType = unknown; name = "Inter_24pt-SemiBold.ttf"; path = "../assets/fonts/Inter_24pt-SemiBold.ttf"; sourceTree = "<group>"; };
		D5E591CDAAEA400EBC084BE8 /* Inter_28pt-LightItalic.ttf */ = {isa = PBXFileReference; explicitFileType = undefined; fileEncoding = undefined; includeInIndex = 0; lastKnownFileType = unknown; name = "Inter_28pt-LightItalic.ttf"; path = "../assets/fonts/Inter_28pt-LightItalic.ttf"; sourceTree = "<group>"; };
		D7D11F2A1AD047399CE81A9C /* Inter_24pt-MediumItalic.ttf */ = {isa = PBXFileReference; explicitFileType = undefined; fileEncoding = undefined; includeInIndex = 0; lastKnownFileType = unknown; name = "Inter_24pt-MediumItalic.ttf"; path = "../assets/fonts/Inter_24pt-MediumItalic.ttf"; sourceTree = "<group>"; };
		DBE7CA49FF4D47ED91BB6012 /* Inter_24pt-ExtraBoldItalic.ttf */ = {isa = PBXFileReference; explicitFileType = undefined; fileEncoding = undefined; includeInIndex = 0; lastKnownFileType = unknown; name = "Inter_24pt-ExtraBoldItalic.ttf"; path = "../assets/fonts/Inter_24pt-ExtraBoldItalic.ttf"; sourceTree = "<group>"; };
		DE682B9E11E14974BC68D5AC /* Inter_24pt-SemiBoldItalic.ttf */ = {isa = PBXFileReference; explicitFileType = undefined; fileEncoding = undefined; includeInIndex = 0; lastKnownFileType = unknown; name = "Inter_24pt-SemiBoldItalic.ttf"; path = "../assets/fonts/Inter_24pt-SemiBoldItalic.ttf"; sourceTree = "<group>"; };
		E021786A77BA4C26BA33BAB4 /* Inter_18pt-Bold.ttf */ = {isa = PBXFileReference; explicitFileType = undefined; fileEncoding = undefined; includeInIndex = 0; lastKnownFileType = unknown; name = "Inter_18pt-Bold.ttf"; path = "../assets/fonts/Inter_18pt-Bold.ttf"; sourceTree = "<group>"; };
		E465D982BA6D448099148B7E /* Inter_24pt-BlackItalic.ttf */ = {isa = PBXFileReference; explicitFileType = undefined; fileEncoding = undefined; includeInIndex = 0; lastKnownFileType = unknown; name = "Inter_24pt-BlackItalic.ttf"; path = "../assets/fonts/Inter_24pt-BlackItalic.ttf"; sourceTree = "<group>"; };
		E57352F0E6A847ACA4AC3417 /* Inter_18pt-BlackItalic.ttf */ = {isa = PBXFileReference; explicitFileType = undefined; fileEncoding = undefined; includeInIndex = 0; lastKnownFileType = unknown; name = "Inter_18pt-BlackItalic.ttf"; path = "../assets/fonts/Inter_18pt-BlackItalic.ttf"; sourceTree = "<group>"; };
		E5D0D21755C74860A3A3DD1B /* Inter_18pt-SemiBold.ttf */ = {isa = PBXFileReference; explicitFileType = undefined; fileEncoding = undefined; includeInIndex = 0; lastKnownFileType = unknown; name = "Inter_18pt-SemiBold.ttf"; path = "../assets/fonts/Inter_18pt-SemiBold.ttf"; sourceTree = "<group>"; };
		EBBF53FF4CC44A39AC931A08 /* Inter_28pt-Light.ttf */ = {isa = PBXFileReference; explicitFileType = undefined; fileEncoding = undefined; includeInIndex = 0; lastKnownFileType = unknown; name = "Inter_28pt-Light.ttf"; path = "../assets/fonts/Inter_28pt-Light.ttf"; sourceTree = "<group>"; };
		ED297162215061F000B7C4FE /* JavaScriptCore.framework */ = {isa = PBXFileReference; lastKnownFileType = wrapper.framework; name = JavaScriptCore.framework; path = System/Library/Frameworks/JavaScriptCore.framework; sourceTree = SDKROOT; };
		EF45B8537DA74390A1391D35 /* Inter_28pt-Regular.ttf */ = {isa = PBXFileReference; explicitFileType = undefined; fileEncoding = undefined; includeInIndex = 0; lastKnownFileType = unknown; name = "Inter_28pt-Regular.ttf"; path = "../assets/fonts/Inter_28pt-Regular.ttf"; sourceTree = "<group>"; };
		F33F11A61E81446EBF8E45C3 /* Inter_18pt-ExtraBold.ttf */ = {isa = PBXFileReference; explicitFileType = undefined; fileEncoding = undefined; includeInIndex = 0; lastKnownFileType = unknown; name = "Inter_18pt-ExtraBold.ttf"; path = "../assets/fonts/Inter_18pt-ExtraBold.ttf"; sourceTree = "<group>"; };
		F79C7AE82A654E3F8BBB117B /* Inter_18pt-ThinItalic.ttf */ = {isa = PBXFileReference; explicitFileType = undefined; fileEncoding = undefined; includeInIndex = 0; lastKnownFileType = unknown; name = "Inter_18pt-ThinItalic.ttf"; path = "../assets/fonts/Inter_18pt-ThinItalic.ttf"; sourceTree = "<group>"; };
		FA085C7FE376483AABBF6A3C /* Inter_28pt-Medium.ttf */ = {isa = PBXFileReference; explicitFileType = undefined; fileEncoding = undefined; includeInIndex = 0; lastKnownFileType = unknown; name = "Inter_28pt-Medium.ttf"; path = "../assets/fonts/Inter_28pt-Medium.ttf"; sourceTree = "<group>"; };
/* End PBXFileReference section */

/* Begin PBXFrameworksBuildPhase section */
		13B07F8C1A680F5B00A75B9A /* Frameworks */ = {
			isa = PBXFrameworksBuildPhase;
			buildActionMask = 2147483647;
			files = (
				0C80B921A6F3F58F76C31292 /* libPods-piper.a in Frameworks */,
			);
			runOnlyForDeploymentPostprocessing = 0;
		};
/* End PBXFrameworksBuildPhase section */

/* Begin PBXGroup section */
		13B07FAE1A68108700A75B9A /* piper */ = {
			isa = PBXGroup;
			children = (
				13B07FB51A68108700A75B9A /* Images.xcassets */,
				761780EC2CA45674006654EE /* AppDelegate.swift */,
				13B07FB61A68108700A75B9A /* Info.plist */,
				81AB9BB72411601600AC10FF /* LaunchScreen.storyboard */,
				13B07FB81A68108700A75B9A /* PrivacyInfo.xcprivacy */,
			);
			name = piper;
			sourceTree = "<group>";
		};
		2D16E6871FA4F8E400B85C8A /* Frameworks */ = {
			isa = PBXGroup;
			children = (
				ED297162215061F000B7C4FE /* JavaScriptCore.framework */,
				5DCACB8F33CDC322A6C60F78 /* libPods-piper.a */,
			);
			name = Frameworks;
			sourceTree = "<group>";
		};
		832341AE1AAA6A7D00B99B32 /* Libraries */ = {
			isa = PBXGroup;
			children = (
			);
			name = Libraries;
			sourceTree = "<group>";
		};
		83CBB9F61A601CBA00E9B192 = {
			isa = PBXGroup;
			children = (
				13B07FAE1A68108700A75B9A /* piper */,
				832341AE1AAA6A7D00B99B32 /* Libraries */,
				83CBBA001A601CBA00E9B192 /* Products */,
				2D16E6871FA4F8E400B85C8A /* Frameworks */,
				BBD78D7AC51CEA395F1C20DB /* Pods */,
				87C081E3E0144118B48DAA6C /* Resources */,
			);
			indentWidth = 2;
			sourceTree = "<group>";
			tabWidth = 2;
			usesTabs = 0;
		};
		83CBBA001A601CBA00E9B192 /* Products */ = {
			isa = PBXGroup;
			children = (
				13B07F961A680F5B00A75B9A /* piper.app */,
			);
			name = Products;
			sourceTree = "<group>";
		};
		87C081E3E0144118B48DAA6C /* Resources */ = {
			isa = PBXGroup;
			children = (
				793E9DCC058D4A38BFFC82F7 /* Inter_18pt-Black.ttf */,
				E57352F0E6A847ACA4AC3417 /* Inter_18pt-BlackItalic.ttf */,
				E021786A77BA4C26BA33BAB4 /* Inter_18pt-Bold.ttf */,
				241F627F34AB4A8D8437CE77 /* Inter_18pt-BoldItalic.ttf */,
				F33F11A61E81446EBF8E45C3 /* Inter_18pt-ExtraBold.ttf */,
				AC1FF3D47F21466783B1EEBE /* Inter_18pt-ExtraBoldItalic.ttf */,
				93143667154C48FD9D2E3409 /* Inter_18pt-ExtraLight.ttf */,
				C2AECB66A2D24D3CABB82FDD /* Inter_18pt-ExtraLightItalic.ttf */,
				1255F4E002764976AAD0A116 /* Inter_18pt-Italic.ttf */,
				A4837364B38C475C8CBC4CA0 /* Inter_18pt-Light.ttf */,
				37CE4C82A587469384CAED39 /* Inter_18pt-LightItalic.ttf */,
				A3091B8D395E4E6093F40E87 /* Inter_18pt-Medium.ttf */,
				8AA285B482874D04B7BDA256 /* Inter_18pt-MediumItalic.ttf */,
				044BC8252E334DC69F3C5CCC /* Inter_18pt-Regular.ttf */,
				E5D0D21755C74860A3A3DD1B /* Inter_18pt-SemiBold.ttf */,
				96B4EA7EA55A456C8581058F /* Inter_18pt-SemiBoldItalic.ttf */,
				56FC3F9EBC9646DFB13E9A3D /* Inter_18pt-Thin.ttf */,
				F79C7AE82A654E3F8BBB117B /* Inter_18pt-ThinItalic.ttf */,
				18B174B29D9B4376BFD0F2CA /* Inter_24pt-Black.ttf */,
				E465D982BA6D448099148B7E /* Inter_24pt-BlackItalic.ttf */,
				224A0BD60D9346728AA7903B /* Inter_24pt-Bold.ttf */,
				ADAD61F86D4B4F49B2F7C3A9 /* Inter_24pt-BoldItalic.ttf */,
				8478BD24E8E74601B4339BAE /* Inter_24pt-ExtraBold.ttf */,
				DBE7CA49FF4D47ED91BB6012 /* Inter_24pt-ExtraBoldItalic.ttf */,
				BCCF31BF204B4343ADCC1C48 /* Inter_24pt-ExtraLight.ttf */,
				4D99B60F814C4840A7053381 /* Inter_24pt-ExtraLightItalic.ttf */,
				7B31CF941B1A4C48ABD9D09E /* Inter_24pt-Italic.ttf */,
				21DFADB0492E411886BD0C67 /* Inter_24pt-Light.ttf */,
				1264F0808B35424599C22001 /* Inter_24pt-LightItalic.ttf */,
				874C119B461244C281E2803A /* Inter_24pt-Medium.ttf */,
				D7D11F2A1AD047399CE81A9C /* Inter_24pt-MediumItalic.ttf */,
				6A0907354C17418A86519450 /* Inter_24pt-Regular.ttf */,
				CF61C867E0D34498941D986A /* Inter_24pt-SemiBold.ttf */,
				DE682B9E11E14974BC68D5AC /* Inter_24pt-SemiBoldItalic.ttf */,
				6E2BB8C4C4CA4B81B2BB2F8F /* Inter_24pt-Thin.ttf */,
				82211583CA914DAE96E92FCF /* Inter_24pt-ThinItalic.ttf */,
				2D9980B120E44B728112A7F1 /* Inter_28pt-Black.ttf */,
				6786274D432C4A6090AE55D1 /* Inter_28pt-BlackItalic.ttf */,
				37EE7773DF2B42F99C67C05C /* Inter_28pt-Bold.ttf */,
				3BD626D26683470E9BE33768 /* Inter_28pt-BoldItalic.ttf */,
				5BC3C87DF3D84E309C40E3CA /* Inter_28pt-ExtraBold.ttf */,
				9F678770447444C7B95649E6 /* Inter_28pt-ExtraBoldItalic.ttf */,
				4C64CEEC66644FDFB4132DA3 /* Inter_28pt-ExtraLight.ttf */,
				815ADE91DD4C4596A7D7B07F /* Inter_28pt-ExtraLightItalic.ttf */,
				8A3BF22F2D524A9FBCA148B7 /* Inter_28pt-Italic.ttf */,
				EBBF53FF4CC44A39AC931A08 /* Inter_28pt-Light.ttf */,
				D5E591CDAAEA400EBC084BE8 /* Inter_28pt-LightItalic.ttf */,
				FA085C7FE376483AABBF6A3C /* Inter_28pt-Medium.ttf */,
				C1CF5676FF534F3DB6363F18 /* Inter_28pt-MediumItalic.ttf */,
				EF45B8537DA74390A1391D35 /* Inter_28pt-Regular.ttf */,
				613630D893D7461A9815D239 /* Inter_28pt-SemiBold.ttf */,
				24DD4459F60D4BADB1A23B8D /* Inter_28pt-SemiBoldItalic.ttf */,
				7B494C0FF299462EA27AB56B /* Inter_28pt-Thin.ttf */,
				B3F0D88AA5EE42879DAC78C8 /* Inter_28pt-ThinItalic.ttf */,
			);
			name = Resources;
			path = "";
			sourceTree = "<group>";
		};
		BBD78D7AC51CEA395F1C20DB /* Pods */ = {
			isa = PBXGroup;
			children = (
				3B4392A12AC88292D35C810B /* Pods-piper.debug.xcconfig */,
				5709B34CF0A7D63546082F79 /* Pods-piper.release.xcconfig */,
			);
			path = Pods;
			sourceTree = "<group>";
		};
/* End PBXGroup section */

/* Begin PBXNativeTarget section */
		13B07F861A680F5B00A75B9A /* piper */ = {
			isa = PBXNativeTarget;
			buildConfigurationList = 13B07F931A680F5B00A75B9A /* Build configuration list for PBXNativeTarget "piper" */;
			buildPhases = (
				C38B50BA6285516D6DCD4F65 /* [CP] Check Pods Manifest.lock */,
				13B07F871A680F5B00A75B9A /* Sources */,
				13B07F8C1A680F5B00A75B9A /* Frameworks */,
				13B07F8E1A680F5B00A75B9A /* Resources */,
				00DD1BFF1BD5951E006B06BC /* Bundle React Native code and images */,
				00EEFC60759A1932668264C0 /* [CP] Embed Pods Frameworks */,
				E235C05ADACE081382539298 /* [CP] Copy Pods Resources */,
			);
			buildRules = (
			);
			dependencies = (
			);
			name = piper;
			productName = piper;
			productReference = 13B07F961A680F5B00A75B9A /* piper.app */;
			productType = "com.apple.product-type.application";
		};
/* End PBXNativeTarget section */

/* Begin PBXProject section */
		83CBB9F71A601CBA00E9B192 /* Project object */ = {
			isa = PBXProject;
			attributes = {
				LastUpgradeCheck = 1210;
				TargetAttributes = {
					13B07F861A680F5B00A75B9A = {
						LastSwiftMigration = 1120;
					};
				};
			};
			buildConfigurationList = 83CBB9FA1A601CBA00E9B192 /* Build configuration list for PBXProject "piper" */;
			compatibilityVersion = "Xcode 12.0";
			developmentRegion = en;
			hasScannedForEncodings = 0;
			knownRegions = (
				en,
				Base,
			);
			mainGroup = 83CBB9F61A601CBA00E9B192;
			productRefGroup = 83CBBA001A601CBA00E9B192 /* Products */;
			projectDirPath = "";
			projectRoot = "";
			targets = (
				13B07F861A680F5B00A75B9A /* piper */,
			);
		};
/* End PBXProject section */

/* Begin PBXResourcesBuildPhase section */
		13B07F8E1A680F5B00A75B9A /* Resources */ = {
			isa = PBXResourcesBuildPhase;
			buildActionMask = 2147483647;
			files = (
				81AB9BB82411601600AC10FF /* LaunchScreen.storyboard in Resources */,
				13B07FBF1A68108700A75B9A /* Images.xcassets in Resources */,
				63DDFC53F4468E2F252E29E0 /* PrivacyInfo.xcprivacy in Resources */,
				9E011BE685DB4BC0B09FCF7F /* Inter_18pt-Black.ttf in Resources */,
				B08284E5518E42B6A6B27F3D /* Inter_18pt-BlackItalic.ttf in Resources */,
				1DA8DA36DEA344CFAA4BEBB8 /* Inter_18pt-Bold.ttf in Resources */,
				B3A43521CDAE4331BEF478D9 /* Inter_18pt-BoldItalic.ttf in Resources */,
				3A7CA34A3377467581EC0384 /* Inter_18pt-ExtraBold.ttf in Resources */,
				394E276FF51F41A5A35EAE1D /* Inter_18pt-ExtraBoldItalic.ttf in Resources */,
				3F06A242092B4C9C985EA64D /* Inter_18pt-ExtraLight.ttf in Resources */,
				3B9D8657F2B443F1AE6E9EE6 /* Inter_18pt-ExtraLightItalic.ttf in Resources */,
				E24A624D855541389472619D /* Inter_18pt-Italic.ttf in Resources */,
				931A305BB9AB43F5A466E4F5 /* Inter_18pt-Light.ttf in Resources */,
				C23F2C3117874405AC32645D /* Inter_18pt-LightItalic.ttf in Resources */,
				36E7DB239CD0491AAB4B091A /* Inter_18pt-Medium.ttf in Resources */,
				10ED6578C90B45B58315C3DA /* Inter_18pt-MediumItalic.ttf in Resources */,
				4175A00DA9E5433983C09927 /* Inter_18pt-Regular.ttf in Resources */,
				8841DF89DE0B4EACB7AAF6B2 /* Inter_18pt-SemiBold.ttf in Resources */,
				A4B02A23AA344C30A0306F1B /* Inter_18pt-SemiBoldItalic.ttf in Resources */,
				2D6F042380F446B78C6A758E /* Inter_18pt-Thin.ttf in Resources */,
				77A5C1E984DE4EA08B639E20 /* Inter_18pt-ThinItalic.ttf in Resources */,
				04A56C48A79E40B79DEE38AB /* Inter_24pt-Black.ttf in Resources */,
				7A6EF22674A9474E99FB2CAA /* Inter_24pt-BlackItalic.ttf in Resources */,
				8E006BA872AF4CA89193A5AE /* Inter_24pt-Bold.ttf in Resources */,
				0C5CD3DAF35D46938287EDE6 /* Inter_24pt-BoldItalic.ttf in Resources */,
				CB1A5AD767714D7690A14D39 /* Inter_24pt-ExtraBold.ttf in Resources */,
				FE83AF846DCB4D49B8BB3BE9 /* Inter_24pt-ExtraBoldItalic.ttf in Resources */,
				2848514F11B446D3B7776845 /* Inter_24pt-ExtraLight.ttf in Resources */,
				B0ECC770DCB248CFA0815E1E /* Inter_24pt-ExtraLightItalic.ttf in Resources */,
				45754CDCD73C47C487431AE1 /* Inter_24pt-Italic.ttf in Resources */,
				D18FDD123ABD4B7F94F5D0B1 /* Inter_24pt-Light.ttf in Resources */,
				4A4D68624299448E89A62321 /* Inter_24pt-LightItalic.ttf in Resources */,
				BEA413C3BE6F4941B3F43DD2 /* Inter_24pt-Medium.ttf in Resources */,
				291346E3789D4F5C919AF107 /* Inter_24pt-MediumItalic.ttf in Resources */,
				A933AE8C4A464BACA0164AFA /* Inter_24pt-Regular.ttf in Resources */,
				563600A6C172480C94324C4C /* Inter_24pt-SemiBold.ttf in Resources */,
				5EF93A82DECB4C1ABD03BCD0 /* Inter_24pt-SemiBoldItalic.ttf in Resources */,
				2C0EF2C99C914F61BECAAD56 /* Inter_24pt-Thin.ttf in Resources */,
				1C3DF7D9C3DB4FB89CBE5876 /* Inter_24pt-ThinItalic.ttf in Resources */,
				8E390F74F60F4981844A9456 /* Inter_28pt-Black.ttf in Resources */,
				5E7DDA11AB72422CAE6431E4 /* Inter_28pt-BlackItalic.ttf in Resources */,
				69002309E90F458685DACCAE /* Inter_28pt-Bold.ttf in Resources */,
				12B48962E4E74A5088C78F12 /* Inter_28pt-BoldItalic.ttf in Resources */,
				77B2A5A9EC5E43219F1A2860 /* Inter_28pt-ExtraBold.ttf in Resources */,
				25D958AB327343FC86922081 /* Inter_28pt-ExtraBoldItalic.ttf in Resources */,
				B8BAADC153614B5D8615118E /* Inter_28pt-ExtraLight.ttf in Resources */,
				3C951B1DBD5D4025A84884E3 /* Inter_28pt-ExtraLightItalic.ttf in Resources */,
				98409FB5D6DE4E2DAC61E555 /* Inter_28pt-Italic.ttf in Resources */,
				C14037BC203F4D79AE247928 /* Inter_28pt-Light.ttf in Resources */,
				F5A2ACF5C952457BB919ED62 /* Inter_28pt-LightItalic.ttf in Resources */,
				1244CC02E48A40CE9861F7BE /* Inter_28pt-Medium.ttf in Resources */,
				780EB2228D984FCCAD527CFB /* Inter_28pt-MediumItalic.ttf in Resources */,
				8182FFB2EE684DA8BDF50D2F /* Inter_28pt-Regular.ttf in Resources */,
				CFADEA22DB494699B4F9EC68 /* Inter_28pt-SemiBold.ttf in Resources */,
				8C71DF9975BA4F8AA5702669 /* Inter_28pt-SemiBoldItalic.ttf in Resources */,
				70580A9C5D5B4028876363CD /* Inter_28pt-Thin.ttf in Resources */,
				33F119B082B541A4BD765352 /* Inter_28pt-ThinItalic.ttf in Resources */,
			);
			runOnlyForDeploymentPostprocessing = 0;
		};
/* End PBXResourcesBuildPhase section */

/* Begin PBXShellScriptBuildPhase section */
		00DD1BFF1BD5951E006B06BC /* Bundle React Native code and images */ = {
			isa = PBXShellScriptBuildPhase;
			buildActionMask = 2147483647;
			files = (
			);
			inputPaths = (
				"$(SRCROOT)/.xcode.env.local",
				"$(SRCROOT)/.xcode.env",
			);
			name = "Bundle React Native code and images";
			outputPaths = (
			);
			runOnlyForDeploymentPostprocessing = 0;
			shellPath = /bin/sh;
			shellScript = "set -e\n\nWITH_ENVIRONMENT=\"$REACT_NATIVE_PATH/scripts/xcode/with-environment.sh\"\nREACT_NATIVE_XCODE=\"$REACT_NATIVE_PATH/scripts/react-native-xcode.sh\"\n\n/bin/sh -c \"$WITH_ENVIRONMENT $REACT_NATIVE_XCODE\"\n";
		};
		00EEFC60759A1932668264C0 /* [CP] Embed Pods Frameworks */ = {
			isa = PBXShellScriptBuildPhase;
			buildActionMask = 2147483647;
			files = (
			);
			inputFileListPaths = (
				"${PODS_ROOT}/Target Support Files/Pods-piper/Pods-piper-frameworks-${CONFIGURATION}-input-files.xcfilelist",
			);
			name = "[CP] Embed Pods Frameworks";
			outputFileListPaths = (
				"${PODS_ROOT}/Target Support Files/Pods-piper/Pods-piper-frameworks-${CONFIGURATION}-output-files.xcfilelist",
			);
			runOnlyForDeploymentPostprocessing = 0;
			shellPath = /bin/sh;
			shellScript = "\"${PODS_ROOT}/Target Support Files/Pods-piper/Pods-piper-frameworks.sh\"\n";
			showEnvVarsInLog = 0;
		};
		C38B50BA6285516D6DCD4F65 /* [CP] Check Pods Manifest.lock */ = {
			isa = PBXShellScriptBuildPhase;
			buildActionMask = 2147483647;
			files = (
			);
			inputFileListPaths = (
			);
			inputPaths = (
				"${PODS_PODFILE_DIR_PATH}/Podfile.lock",
				"${PODS_ROOT}/Manifest.lock",
			);
			name = "[CP] Check Pods Manifest.lock";
			outputFileListPaths = (
			);
			outputPaths = (
				"$(DERIVED_FILE_DIR)/Pods-piper-checkManifestLockResult.txt",
			);
			runOnlyForDeploymentPostprocessing = 0;
			shellPath = /bin/sh;
			shellScript = "diff \"${PODS_PODFILE_DIR_PATH}/Podfile.lock\" \"${PODS_ROOT}/Manifest.lock\" > /dev/null\nif [ $? != 0 ] ; then\n    # print error to STDERR\n    echo \"error: The sandbox is not in sync with the Podfile.lock. Run 'pod install' or update your CocoaPods installation.\" >&2\n    exit 1\nfi\n# This output is used by Xcode 'outputs' to avoid re-running this script phase.\necho \"SUCCESS\" > \"${SCRIPT_OUTPUT_FILE_0}\"\n";
			showEnvVarsInLog = 0;
		};
		E235C05ADACE081382539298 /* [CP] Copy Pods Resources */ = {
			isa = PBXShellScriptBuildPhase;
			buildActionMask = 2147483647;
			files = (
			);
			inputFileListPaths = (
				"${PODS_ROOT}/Target Support Files/Pods-piper/Pods-piper-resources-${CONFIGURATION}-input-files.xcfilelist",
			);
			name = "[CP] Copy Pods Resources";
			outputFileListPaths = (
				"${PODS_ROOT}/Target Support Files/Pods-piper/Pods-piper-resources-${CONFIGURATION}-output-files.xcfilelist",
			);
			runOnlyForDeploymentPostprocessing = 0;
			shellPath = /bin/sh;
			shellScript = "\"${PODS_ROOT}/Target Support Files/Pods-piper/Pods-piper-resources.sh\"\n";
			showEnvVarsInLog = 0;
		};
/* End PBXShellScriptBuildPhase section */

/* Begin PBXSourcesBuildPhase section */
		13B07F871A680F5B00A75B9A /* Sources */ = {
			isa = PBXSourcesBuildPhase;
			buildActionMask = 2147483647;
			files = (
				761780ED2CA45674006654EE /* AppDelegate.swift in Sources */,
			);
			runOnlyForDeploymentPostprocessing = 0;
		};
/* End PBXSourcesBuildPhase section */

/* Begin XCBuildConfiguration section */
		13B07F941A680F5B00A75B9A /* Debug */ = {
			isa = XCBuildConfiguration;
			baseConfigurationReference = 3B4392A12AC88292D35C810B /* Pods-piper.debug.xcconfig */;
			buildSettings = {
				ASSETCATALOG_COMPILER_APPICON_NAME = AppIcon;
				CLANG_ENABLE_MODULES = YES;
				CURRENT_PROJECT_VERSION = 1;
				ENABLE_BITCODE = NO;
				INFOPLIST_FILE = piper/Info.plist;
				IPHONEOS_DEPLOYMENT_TARGET = 15.1;
				LD_RUNPATH_SEARCH_PATHS = (
					"$(inherited)",
					"@executable_path/Frameworks",
				);
				MARKETING_VERSION = 1.0;
				OTHER_LDFLAGS = (
					"$(inherited)",
					"-ObjC",
					"-lc++",
				);
				PRODUCT_BUNDLE_IDENTIFIER = "org.reactjs.native.example.$(PRODUCT_NAME:rfc1034identifier)";
				PRODUCT_NAME = piper;
				SWIFT_OPTIMIZATION_LEVEL = "-Onone";
				SWIFT_VERSION = 5.0;
				VERSIONING_SYSTEM = "apple-generic";
			};
			name = Debug;
		};
		13B07F951A680F5B00A75B9A /* Release */ = {
			isa = XCBuildConfiguration;
			baseConfigurationReference = 5709B34CF0A7D63546082F79 /* Pods-piper.release.xcconfig */;
			buildSettings = {
				ASSETCATALOG_COMPILER_APPICON_NAME = AppIcon;
				CLANG_ENABLE_MODULES = YES;
				CURRENT_PROJECT_VERSION = 1;
				INFOPLIST_FILE = piper/Info.plist;
				IPHONEOS_DEPLOYMENT_TARGET = 15.1;
				LD_RUNPATH_SEARCH_PATHS = (
					"$(inherited)",
					"@executable_path/Frameworks",
				);
				MARKETING_VERSION = 1.0;
				OTHER_LDFLAGS = (
					"$(inherited)",
					"-ObjC",
					"-lc++",
				);
				PRODUCT_BUNDLE_IDENTIFIER = "org.reactjs.native.example.$(PRODUCT_NAME:rfc1034identifier)";
				PRODUCT_NAME = piper;
				SWIFT_VERSION = 5.0;
				VERSIONING_SYSTEM = "apple-generic";
			};
			name = Release;
		};
		83CBBA201A601CBA00E9B192 /* Debug */ = {
			isa = XCBuildConfiguration;
			buildSettings = {
				ALWAYS_SEARCH_USER_PATHS = NO;
				CLANG_ANALYZER_LOCALIZABILITY_NONLOCALIZED = YES;
				CLANG_CXX_LANGUAGE_STANDARD = "c++20";
				CLANG_CXX_LIBRARY = "libc++";
				CLANG_ENABLE_MODULES = YES;
				CLANG_ENABLE_OBJC_ARC = YES;
				CLANG_WARN_BLOCK_CAPTURE_AUTORELEASING = YES;
				CLANG_WARN_BOOL_CONVERSION = YES;
				CLANG_WARN_COMMA = YES;
				CLANG_WARN_CONSTANT_CONVERSION = YES;
				CLANG_WARN_DEPRECATED_OBJC_IMPLEMENTATIONS = YES;
				CLANG_WARN_DIRECT_OBJC_ISA_USAGE = YES_ERROR;
				CLANG_WARN_EMPTY_BODY = YES;
				CLANG_WARN_ENUM_CONVERSION = YES;
				CLANG_WARN_INFINITE_RECURSION = YES;
				CLANG_WARN_INT_CONVERSION = YES;
				CLANG_WARN_NON_LITERAL_NULL_CONVERSION = YES;
				CLANG_WARN_OBJC_IMPLICIT_RETAIN_SELF = YES;
				CLANG_WARN_OBJC_LITERAL_CONVERSION = YES;
				CLANG_WARN_OBJC_ROOT_CLASS = YES_ERROR;
				CLANG_WARN_QUOTED_INCLUDE_IN_FRAMEWORK_HEADER = YES;
				CLANG_WARN_RANGE_LOOP_ANALYSIS = YES;
				CLANG_WARN_STRICT_PROTOTYPES = YES;
				CLANG_WARN_SUSPICIOUS_MOVE = YES;
				CLANG_WARN_UNREACHABLE_CODE = YES;
				CLANG_WARN__DUPLICATE_METHOD_MATCH = YES;
				"CODE_SIGN_IDENTITY[sdk=iphoneos*]" = "iPhone Developer";
				COPY_PHASE_STRIP = NO;
				ENABLE_STRICT_OBJC_MSGSEND = YES;
				ENABLE_TESTABILITY = YES;
				"EXCLUDED_ARCHS[sdk=iphonesimulator*]" = "";
				GCC_C_LANGUAGE_STANDARD = gnu99;
				GCC_DYNAMIC_NO_PIC = NO;
				GCC_NO_COMMON_BLOCKS = YES;
				GCC_OPTIMIZATION_LEVEL = 0;
				GCC_PREPROCESSOR_DEFINITIONS = (
					"DEBUG=1",
					"$(inherited)",
				);
				GCC_SYMBOLS_PRIVATE_EXTERN = NO;
				GCC_WARN_64_TO_32_BIT_CONVERSION = YES;
				GCC_WARN_ABOUT_RETURN_TYPE = YES_ERROR;
				GCC_WARN_UNDECLARED_SELECTOR = YES;
				GCC_WARN_UNINITIALIZED_AUTOS = YES_AGGRESSIVE;
				GCC_WARN_UNUSED_FUNCTION = YES;
				GCC_WARN_UNUSED_VARIABLE = YES;
				IPHONEOS_DEPLOYMENT_TARGET = 15.1;
				LD_RUNPATH_SEARCH_PATHS = (
					/usr/lib/swift,
					"$(inherited)",
				);
				LIBRARY_SEARCH_PATHS = (
					"\"$(SDKROOT)/usr/lib/swift\"",
					"\"$(TOOLCHAIN_DIR)/usr/lib/swift/$(PLATFORM_NAME)\"",
					"\"$(inherited)\"",
				);
				MTL_ENABLE_DEBUG_INFO = YES;
				ONLY_ACTIVE_ARCH = YES;
				OTHER_CPLUSPLUSFLAGS = (
					"$(OTHER_CFLAGS)",
					"-DFOLLY_NO_CONFIG",
					"-DFOLLY_MOBILE=1",
					"-DFOLLY_USE_LIBCPP=1",
					"-DFOLLY_CFG_NO_COROUTINES=1",
					"-DFOLLY_HAVE_CLOCK_GETTIME=1",
				);
				REACT_NATIVE_PATH = "${PODS_ROOT}/../../node_modules/react-native";
				SDKROOT = iphoneos;
				SWIFT_ACTIVE_COMPILATION_CONDITIONS = "$(inherited) DEBUG";
				USE_HERMES = true;
			};
			name = Debug;
		};
		83CBBA211A601CBA00E9B192 /* Release */ = {
			isa = XCBuildConfiguration;
			buildSettings = {
				ALWAYS_SEARCH_USER_PATHS = NO;
				CLANG_ANALYZER_LOCALIZABILITY_NONLOCALIZED = YES;
				CLANG_CXX_LANGUAGE_STANDARD = "c++20";
				CLANG_CXX_LIBRARY = "libc++";
				CLANG_ENABLE_MODULES = YES;
				CLANG_ENABLE_OBJC_ARC = YES;
				CLANG_WARN_BLOCK_CAPTURE_AUTORELEASING = YES;
				CLANG_WARN_BOOL_CONVERSION = YES;
				CLANG_WARN_COMMA = YES;
				CLANG_WARN_CONSTANT_CONVERSION = YES;
				CLANG_WARN_DEPRECATED_OBJC_IMPLEMENTATIONS = YES;
				CLANG_WARN_DIRECT_OBJC_ISA_USAGE = YES_ERROR;
				CLANG_WARN_EMPTY_BODY = YES;
				CLANG_WARN_ENUM_CONVERSION = YES;
				CLANG_WARN_INFINITE_RECURSION = YES;
				CLANG_WARN_INT_CONVERSION = YES;
				CLANG_WARN_NON_LITERAL_NULL_CONVERSION = YES;
				CLANG_WARN_OBJC_IMPLICIT_RETAIN_SELF = YES;
				CLANG_WARN_OBJC_LITERAL_CONVERSION = YES;
				CLANG_WARN_OBJC_ROOT_CLASS = YES_ERROR;
				CLANG_WARN_QUOTED_INCLUDE_IN_FRAMEWORK_HEADER = YES;
				CLANG_WARN_RANGE_LOOP_ANALYSIS = YES;
				CLANG_WARN_STRICT_PROTOTYPES = YES;
				CLANG_WARN_SUSPICIOUS_MOVE = YES;
				CLANG_WARN_UNREACHABLE_CODE = YES;
				CLANG_WARN__DUPLICATE_METHOD_MATCH = YES;
				"CODE_SIGN_IDENTITY[sdk=iphoneos*]" = "iPhone Developer";
				COPY_PHASE_STRIP = YES;
				ENABLE_NS_ASSERTIONS = NO;
				ENABLE_STRICT_OBJC_MSGSEND = YES;
				"EXCLUDED_ARCHS[sdk=iphonesimulator*]" = "";
				GCC_C_LANGUAGE_STANDARD = gnu99;
				GCC_NO_COMMON_BLOCKS = YES;
				GCC_WARN_64_TO_32_BIT_CONVERSION = YES;
				GCC_WARN_ABOUT_RETURN_TYPE = YES_ERROR;
				GCC_WARN_UNDECLARED_SELECTOR = YES;
				GCC_WARN_UNINITIALIZED_AUTOS = YES_AGGRESSIVE;
				GCC_WARN_UNUSED_FUNCTION = YES;
				GCC_WARN_UNUSED_VARIABLE = YES;
				IPHONEOS_DEPLOYMENT_TARGET = 15.1;
				LD_RUNPATH_SEARCH_PATHS = (
					/usr/lib/swift,
					"$(inherited)",
				);
				LIBRARY_SEARCH_PATHS = (
					"\"$(SDKROOT)/usr/lib/swift\"",
					"\"$(TOOLCHAIN_DIR)/usr/lib/swift/$(PLATFORM_NAME)\"",
					"\"$(inherited)\"",
				);
				MTL_ENABLE_DEBUG_INFO = NO;
				OTHER_CPLUSPLUSFLAGS = (
					"$(OTHER_CFLAGS)",
					"-DFOLLY_NO_CONFIG",
					"-DFOLLY_MOBILE=1",
					"-DFOLLY_USE_LIBCPP=1",
					"-DFOLLY_CFG_NO_COROUTINES=1",
					"-DFOLLY_HAVE_CLOCK_GETTIME=1",
				);
				REACT_NATIVE_PATH = "${PODS_ROOT}/../../node_modules/react-native";
				SDKROOT = iphoneos;
				USE_HERMES = true;
				VALIDATE_PRODUCT = YES;
			};
			name = Release;
		};
/* End XCBuildConfiguration section */

/* Begin XCConfigurationList section */
		13B07F931A680F5B00A75B9A /* Build configuration list for PBXNativeTarget "piper" */ = {
			isa = XCConfigurationList;
			buildConfigurations = (
				13B07F941A680F5B00A75B9A /* Debug */,
				13B07F951A680F5B00A75B9A /* Release */,
			);
			defaultConfigurationIsVisible = 0;
			defaultConfigurationName = Release;
		};
		83CBB9FA1A601CBA00E9B192 /* Build configuration list for PBXProject "piper" */ = {
			isa = XCConfigurationList;
			buildConfigurations = (
				83CBBA201A601CBA00E9B192 /* Debug */,
				83CBBA211A601CBA00E9B192 /* Release */,
			);
			defaultConfigurationIsVisible = 0;
			defaultConfigurationName = Release;
		};
/* End XCConfigurationList section */
	};
	rootObject = 83CBB9F71A601CBA00E9B192 /* Project object */;
}
